
Microsoft Visual Studio Solution File, Format Version 12.00
# Visual Studio Version 16
VisualStudioVersion = 16.0.31829.152
MinimumVisualStudioVersion = 10.0.40219.1
Project("{FAE04EC0-301F-11D3-BF4B-00C04F79EFBC}") = "MoqTests", "MoqTests\MoqTests.csproj", "{87A61BDB-2BAF-4568-AA4D-D69A7503533D}"
EndProject
Project("{FAE04EC0-301F-11D3-BF4B-00C04F79EFBC}") = "WeatherApplication", "WeatherApplication\WeatherApplication.csproj", "{05F6D6E7-E88A-46F9-8FFD-DC9C6A7DCC86}"
EndProject
Global
	GlobalSection(SolutionConfigurationPlatforms) = preSolution
		Debug|Any CPU = Debug|Any CPU
		Release|Any CPU = Release|Any CPU
	EndGlobalSection
	GlobalSection(ProjectConfigurationPlatforms) = postSolution
		{87A61BDB-2BAF-4568-AA4D-D69A7503533D}.Debug|Any CPU.ActiveCfg = Debug|Any CPU
		{87A61BDB-2BAF-4568-AA4D-D69A7503533D}.Debug|Any CPU.Build.0 = Debug|Any CPU
		{87A61BDB-2BAF-4568-AA4D-D69A7503533D}.Release|Any CPU.ActiveCfg = Release|Any CPU
		{87A61BDB-2BAF-4568-AA4D-D69A7503533D}.Release|Any CPU.Build.0 = Release|Any CPU
		{05F6D6E7-E88A-46F9-8FFD-DC9C6A7DCC86}.Debug|Any CPU.ActiveCfg = Debug|Any CPU
		{05F6D6E7-E88A-46F9-8FFD-DC9C6A7DCC86}.Debug|Any CPU.Build.0 = Debug|Any CPU
		{05F6D6E7-E88A-46F9-8FFD-DC9C6A7DCC86}.Release|Any CPU.ActiveCfg = Release|Any CPU
		{05F6D6E7-E88A-46F9-8FFD-DC9C6A7DCC86}.Release|Any CPU.Build.0 = Release|Any CPU
	EndGlobalSection
	GlobalSection(SolutionProperties) = preSolution
		HideSolutionNode = FALSE
	EndGlobalSection
	GlobalSection(ExtensibilityGlobals) = postSolution
		SolutionGuid = {4067650E-B826-4F48-9FEE-A0E39459C194}
	EndGlobalSection
EndGlobal
